
Microsoft Visual Studio Solution File, Format Version 12.00
# Visual Studio Version 17
VisualStudioVersion = 17.14.36221.1 d17.14
MinimumVisualStudioVersion = 10.0.40219.1
Project("{FAE04EC0-301F-11D3-BF4B-00C04F79EFBC}") = "ChallengeLab_4.1", "ChallengeLab_4.1.csproj", "{19D0DECE-B47F-4621-BE9A-0DD53176F5EA}"
EndProject
Global
	GlobalSection(SolutionConfigurationPlatforms) = preSolution
		Debug|Any CPU = Debug|Any CPU
		Release|Any CPU = Release|Any CPU
	EndGlobalSection
	GlobalSection(ProjectConfigurationPlatforms) = postSolution
		{19D0DECE-B47F-4621-BE9A-0DD53176F5EA}.Debug|Any CPU.ActiveCfg = Debug|Any CPU
		{19D0DECE-B47F-4621-BE9A-0DD53176F5EA}.Debug|Any CPU.Build.0 = Debug|Any CPU
		{19D0DECE-B47F-4621-BE9A-0DD53176F5EA}.Release|Any CPU.ActiveCfg = Release|Any CPU
		{19D0DECE-B47F-4621-BE9A-0DD53176F5EA}.Release|Any CPU.Build.0 = Release|Any CPU
	EndGlobalSection
	GlobalSection(SolutionProperties) = preSolution
		HideSolutionNode = FALSE
	EndGlobalSection
	GlobalSection(ExtensibilityGlobals) = postSolution
		SolutionGuid = {DB754A53-2F57-4FFB-9996-DE54B7A429DD}
	EndGlobalSection
EndGlobal
